{"1.1.0",
[{<<"bear">>,{pkg,<<"bear">>,<<"0.8.7">>},1},
 {<<"folsom">>,{pkg,<<"folsom">>,<<"0.8.7">>},0},
 {<<"getopt">>,
  {git,"git://github.com/jcomellas/getopt",
       {ref,"388dc95caa7fb97ec7db8cfc39246a36aba61bd8"}},
  0},
 {<<"goldrush">>,{pkg,<<"goldrush">>,<<"0.1.9">>},1},
 {<<"ibrowse">>,
  {git,"git://github.com/basho/ibrowse.git",
       {ref,"893864e25573b4ccd31a82b9412639751733ba40"}},
  0},
 {<<"lager">>,
  {git,"git://github.com/erlang-lager/lager",
       {ref,"22e62f28e5afabe90a6f31bcde367a2b5799fc94"}},
  0},
 {<<"mochiweb">>,
  {git,"git://github.com/mochi/mochiweb",
       {ref,"9090c7942f9dcde4ddbf9f78429e289ff5600c18"}},
  0},
 {<<"riak_pb">>,
  {git,"https://github.com/basho/riak_pb",
       {ref,"55fab3a2642edf2293228d5a43748a0fc3c8e554"}},
  1},
 {<<"riakc">>,
  {git,"git://github.com/basho/riak-erlang-client",
       {ref,"1bc4e86f2969d7dd8dd05362ea00817435579a0a"}},
  0}]}.
[
{pkg_hash,[
 {<<"bear">>, <<"16264309AE5D005D03718A5C82641FCC259C9E8F09ADEB6FD79CA4271168656F">>},
 {<<"folsom">>, <<"A885F0AEEE4C84270954C88A55A5A473D6B2C7493E32FFDC5765412DD555A951">>},
 {<<"goldrush">>, <<"F06E5D5F1277DA5C413E84D5A2924174182FB108DABB39D5EC548B27424CD106">>}]}
].
