[{<<"bear">>,
  {git,"git://github.com/boundary/bear.git",
       {ref,"b1882d7ee88e775d961a2678e4fafecef7f77705"}},
  1},
 {<<"casbench">>,
  {git,"git://github.com/basho/casbench",
       {ref,"95ed55b494551577870984aeb1e0f683631a326f"}},
  0},
 {<<"cqerl">>,
  {git,"git://github.com/matehat/cqerl.git",
       {ref,"16021593c866ca314acd0ba6858194ed44a362b3"}},
  0},
 {<<"folsom">>,
  {git,"git://github.com/basho/folsom.git",
       {ref,"b58f9396e4c2275562baf49890ac058fe77ac1ce"}},
  0},
 {<<"getopt">>,
  {git,"git://github.com/jcomellas/getopt",
       {ref,"388dc95caa7fb97ec7db8cfc39246a36aba61bd8"}},
  0},
 {<<"goldrush">>,
  {git,"git://github.com/DeadZen/goldrush.git",
       {ref,"212299233c7e7eb63a97be2777e1c05ebaa58dbe"}},
  1},
 {<<"hamcrest">>,
  {git,"https://github.com/basho/hamcrest-erlang.git",
       {ref,"ad3dbab419762fc2d5821abb88b989da006b85c6"}},
  2},
 {<<"ibrowse">>,
  {git,"git://github.com/cmullaparthi/ibrowse.git",
       {ref,"e8ae353c16d4f0897abb9f80025b52925b974dd1"}},
  0},
 {<<"lager">>,
  {git,"git://github.com/basho/lager",
       {ref,"8187757388c9adc915379caaab36a2f2ca26e944"}},
  0},
 {<<"lz4">>,
  {git,"https://github.com/szktty/erlang-lz4.git",
       {ref,"6bc5efe93bab327788bcde24374f16044b549dd8"}},
  1},
 {<<"meck">>,
  {git,"git://github.com/basho/meck.git",
       {ref,"dde759050eff19a1a80fd854d7375174b191665d"}},
  1},
 {<<"mochiweb">>,
  {git,"git://github.com/basho/mochiweb",
       {ref,"9090c7942f9dcde4ddbf9f78429e289ff5600c18"}},
  0},
 {<<"node_package">>,
  {git,"git://github.com/basho/node_package",
       {ref,"ad5cc66afa6628c83b59de6ea89594ce5a4c1db6"}},
  0},
 {<<"pooler">>,
  {git,"https://github.com/seth/pooler.git",
       {ref,"521f568bf9a2ccbe7c7e0fc23f24cd06ec559b79"}},
  1},
 {<<"protobuffs">>,
  {git,"git://github.com/basho/erlang_protobuffs",
       {ref,"a1eeee77aef639a33cc5a2dd7abed7e4f4b83f9b"}},
  0},
 {<<"quickrand">>,
  {git,"https://github.com/okeuday/quickrand.git",
       {ref,"1c60daa4b0edcec0a6b8310443574baac962ea88"}},
  2},
 {<<"riak_pb">>,
  {git,"https://github.com/basho/riak_pb",
       {ref,"08771aba2ce4935b715d32d1b92555efdc3da994"}},
  1},
 {<<"riakc">>,
  {git,"git://github.com/basho/riak-erlang-client",
       {ref,"f3a0592cf2200fd37b46b5188cabd4cf7058d776"}},
  0},
 {<<"semver">>,
  {git,"https://github.com/nebularis/semver.git",
       {ref,"c7d509f38298ec6594be4efdcd8a8f2322760039"}},
  1},
 {<<"snappy">>,
  {git,"https://github.com/fdmanana/snappy-erlang-nif.git",
       {ref,"4e3b8611b6a1ff85a417b0f2fad8886c9485810e"}},
  1},
 {<<"uuid">>,
  {git,"https://github.com/okeuday/uuid.git",
       {ref,"23167ed8689f656ea6765572215a40b9856d7886"}},
  1}].
