{"1.2.0",
[{<<"bear">>,{pkg,<<"bear">>,<<"0.8.7">>},1},
 {<<"bitcask">>,
  {git,"https://github.com/basho/bitcask",
       {ref,"d84c8d913713da8f02403431217405f84ee1ba22"}},
  0},
 {<<"eleveldb">>,
  {git,"https://github.com/basho/eleveldb",
       {ref,"ea439b0ac8c7a27d5cfba39b9b4466e875fabe93"}},
  0},
 {<<"folsom">>,{pkg,<<"folsom">>,<<"0.8.7">>},0},
 {<<"getopt">>,
  {git,"https://github.com/jcomellas/getopt",
       {ref,"388dc95caa7fb97ec7db8cfc39246a36aba61bd8"}},
  0},
 {<<"goldrush">>,{pkg,<<"goldrush">>,<<"0.1.9">>},1},
 {<<"ibrowse">>,
  {git,"https://github.com/basho/ibrowse.git",
       {ref,"076be16d0dcff768aa885d98a23bb3e980e79060"}},
  0},
 {<<"lager">>,
  {git,"https://github.com/erlang-lager/lager",
       {ref,"c5447d2d85a0d446d41a79bffe0a6a66bd50c901"}},
  0},
 {<<"mochiweb">>,
  {git,"https://github.com/basho/mochiweb",
       {ref,"adb632e96d0256fdb9e4c22c3523dbd7d98c4ec1"}},
  0},
 {<<"riak_pb">>,
  {git,"https://github.com/basho/riak_pb",
       {ref,"7a5e535217c13a32f3041888b0d46e9b4476065c"}},
  1},
 {<<"riakc">>,
  {git,"https://github.com/basho/riak-erlang-client",
       {ref,"48bb7234b42a58cb0ed42cdc925518920f778e45"}},
  0}]}.
[
{pkg_hash,[
 {<<"bear">>, <<"16264309AE5D005D03718A5C82641FCC259C9E8F09ADEB6FD79CA4271168656F">>},
 {<<"folsom">>, <<"A885F0AEEE4C84270954C88A55A5A473D6B2C7493E32FFDC5765412DD555A951">>},
 {<<"goldrush">>, <<"F06E5D5F1277DA5C413E84D5A2924174182FB108DABB39D5EC548B27424CD106">>}]},
{pkg_hash_ext,[
 {<<"bear">>, <<"534217DCE6A719D59E54FB0EB7A367900DBFC5F85757E8C1F94269DF383F6D9B">>},
 {<<"folsom">>, <<"F7B644FC002A75AF00B8BFBD3CC5C2BD955E09A118D2982D9A6C04E5646FF367">>},
 {<<"goldrush">>, <<"99CB4128CFFCB3227581E5D4D803D5413FA643F4EB96523F77D9E6937D994CEB">>}]}
].
