%% THIS FILE IS GENERATED. DO NOT EDIT IT MANUALLY %%

{require_otp_vsn,"R15|R16|17"}.
{deps,[{node_package,".*",
                     {git,"git://github.com/basho/node_package",
                          "a56fe9b021e3543a24fdfc98f1c16704b41e62c6"}},
       {bear,".*",
             {git,"git://github.com/boundary/bear.git",
                  "b1882d7ee88e775d961a2678e4fafecef7f77705"}},
       {meck,".*",
             {git,"git://github.com/basho/meck.git",
                  "dde759050eff19a1a80fd854d7375174b191665d"}},
       {folsom,".*",
               {git,"git://github.com/basho/folsom.git",
                    "b58f9396e4c2275562baf49890ac058fe77ac1ce"}},
       {goldrush,".*",
                 {git,"git://github.com/DeadZen/goldrush.git",
                      "71e63212f12c25827e0c1b4198d37d5d018a7fec"}},
       {lager,".*",
              {git,"git://github.com/basho/lager",
                   "840acab51ebfb731de0137d9c6d41e7db4a12793"}},
       {ibrowse,".*",
                {git,"git://github.com/cmullaparthi/ibrowse.git",
                     "e8ae353c16d4f0897abb9f80025b52925b974dd1"}},
       {protobuffs,".*",
                   {git,"git://github.com/basho/erlang_protobuffs.git",
                        "a1eeee77aef639a33cc5a2dd7abed7e4f4b83f9b"}},
       {hamcrest,".*",
                 {git,"https://github.com/hyperthunk/hamcrest-erlang.git",
                      "908a24fda4a46776a5135db60ca071e3d783f9f6"}},
       {riak_pb,".*",
                {git,"git://github.com/basho/riak_pb.git",
                     "f04faddef4a7365b16622fe83d0097d31a6e064d"}},
       {riakc,".*",
              {git,"git://github.com/basho/riak-erlang-client",
                   "e9fcec34f5d86c69ac93ea6f54fbd65db4ca3074"}},
       {mochiweb,".*",
                 {git,"git://github.com/basho/mochiweb",
                      "9090c7942f9dcde4ddbf9f78429e289ff5600c18"}},
       {getopt,".*",
               {git,"git://github.com/jcomellas/getopt",
                    "388dc95caa7fb97ec7db8cfc39246a36aba61bd8"}},
       {casbench,".*",
                 {git,"git://github.com/basho/casbench",
                      "95ed55b494551577870984aeb1e0f683631a326f"}},
       {snappy,".*",
               {git,"https://github.com/fdmanana/snappy-erlang-nif.git",
                    "76417d16a8d39e04d66114d8f8a3c75df19474f0"}},
       {lz4,".*",
            {git,"https://github.com/szktty/erlang-lz4.git",
                 "0572b0ea2aab83ec8cdd1526aaa5e7622fd6aee5"}},
       {semver,".*",
               {git,"https://github.com/nebularis/semver.git",
                    "c7d509f38298ec6594be4efdcd8a8f2322760039"}},
       {quickrand,".*",
                  {git,"https://github.com/okeuday/quickrand.git",
                       "cf7ac11a820367496252243e49898480b25009f7"}},
       {uuid,".*",
             {git,"https://github.com/okeuday/uuid.git",
                  "c27a3f42e8b62fdf5a5ddbc708b74f9b30dba045"}},
       {pooler,".*",
               {git,"https://github.com/seth/pooler.git",
                    "a145451a2f12673b4f55c4657e1b572fc5dc4b8a"}},
       {cqerl,".*",
              {git,"git://github.com/matehat/cqerl.git",
                   "16021593c866ca314acd0ba6858194ed44a362b3"}},
       {katja,".*",
              {git,"git://github.com/nifoc/katja.git",
                   "5c66df7aeec5e7755dca23fd05461e651ee1673f"}},
       {rebar_lock_deps_plugin,".*",
                               {git,"git://github.com/seth/rebar_lock_deps_plugin.git",
                                    "9711549b8a84b065eb2edc22f8eb6ff85e3c94e8"}}]}.
{erl_opts,[{src_dirs,[src]},{parse_transform,lager_transform}]}.
{plugins,[rebar_lock_deps_plugin]}.
{escript_incl_apps,[bear,casbench,cqerl,folsom,getopt,goldrush,ibrowse,katja,
                    lager,lz4,mochiweb,node_package,protobuffs,riak_pb,riakc,
                    snappy]}.
{escript_emu_args,"%%! +K true -rsh ssh -noshell -noinput +P 1222333 +Q 1222333 +zdbbl 32768\n"}.

